PODS:
  - BlueBreeze (0.0.8)
  - bluebreeze_flutter (0.0.1):
    - BlueBreeze (~> 0.0.8)
    - Flutter
  - Flutter (1.0.0)
  - integration_test (0.0.1):
    - Flutter

DEPENDENCIES:
  - bluebreeze_flutter (from `.symlinks/plugins/bluebreeze_flutter/ios`)
  - Flutter (from `Flutter`)
  - integration_test (from `.symlinks/plugins/integration_test/ios`)

SPEC REPOS:
  trunk:
    - BlueBreeze

EXTERNAL SOURCES:
  bluebreeze_flutter:
    :path: ".symlinks/plugins/bluebreeze_flutter/ios"
  Flutter:
    :path: Flutter
  integration_test:
    :path: ".symlinks/plugins/integration_test/ios"

SPEC CHECKSUMS:
  BlueBreeze: b3841122fcdfa2138f8486f295df603682c17c2d
  bluebreeze_flutter: b26112bca6e3d246ee488b2d1a7964bb85f5e00b
  Flutter: e0871f40cf51350855a761d2e70bf5af5b9b5de7
  integration_test: 4a889634ef21a45d28d50d622cf412dc6d9f586e

PODFILE CHECKSUM: a57f30d18f102dd3ce366b1d62a55ecbef2158e5

COCOAPODS: 1.16.2
