PODS:
  - BlueBreeze (0.0.12)
  - bluebreeze_flutter (0.0.6):
    - BlueBreeze (~> 0.0.12)
    - Flutter
  - Flutter (1.0.0)
  - integration_test (0.0.1):
    - Flutter

DEPENDENCIES:
  - bluebreeze_flutter (from `.symlinks/plugins/bluebreeze_flutter/ios`)
  - Flutter (from `Flutter`)
  - integration_test (from `.symlinks/plugins/integration_test/ios`)

SPEC REPOS:
  trunk:
    - BlueBreeze

EXTERNAL SOURCES:
  bluebreeze_flutter:
    :path: ".symlinks/plugins/bluebreeze_flutter/ios"
  Flutter:
    :path: Flutter
  integration_test:
    :path: ".symlinks/plugins/integration_test/ios"

SPEC CHECKSUMS:
  BlueBreeze: 8ed51efacc441deb69be5d9d2da89b3ce2dfc3f6
  bluebreeze_flutter: 6154e956738b0de3b5dc9538ff348248c052aa5d
  Flutter: e0871f40cf51350855a761d2e70bf5af5b9b5de7
  integration_test: 4a889634ef21a45d28d50d622cf412dc6d9f586e

PODFILE CHECKSUM: a57f30d18f102dd3ce366b1d62a55ecbef2158e5

COCOAPODS: 1.16.2
