{
  "pins" : [
    {
      "identity" : "bluebreeze-ios",
      "kind" : "remoteSourceControl",
      "location" : "https://github.com/like-magic-dev/bluebreeze-ios",
      "state" : {
        "revision" : "231a6ee447300e00aa8ce4a82ce1a9ccc9653019",
        "version" : "1.0.1"
      }
    }
  ],
  "version" : 2
}
